
Microsoft Visual Studio Solution File, Format Version 12.00
# Visual Studio 15
VisualStudioVersion = 15.0.28307.106
MinimumVisualStudioVersion = 10.0.40219.1
Project("{9A19103F-16F7-4668-BE54-9A1E7A4F7556}") = "ADVANTEDGE_CSHARP", "ADVANTEDGE_CSHARP\ADVANTEDGE_CSHARP.csproj", "{DC64182B-AEF7-4012-9E90-4DDEA93A2844}"
EndProject
Project("{FAE04EC0-301F-11D3-BF4B-00C04F79EFBC}") = "ADVANTEDGE_CSHARP.Tests", "ADVANTEDGE_CSHARP.Tests\ADVANTEDGE_CSHARP.Tests.csproj", "{D606EA27-7D97-4656-A570-3EFB343F6566}"
EndProject
Global
	GlobalSection(SolutionConfigurationPlatforms) = preSolution
		Debug|Any CPU = Debug|Any CPU
		Release|Any CPU = Release|Any CPU
	EndGlobalSection
	GlobalSection(ProjectConfigurationPlatforms) = postSolution
		{DC64182B-AEF7-4012-9E90-4DDEA93A2844}.Debug|Any CPU.ActiveCfg = Debug|Any CPU
		{DC64182B-AEF7-4012-9E90-4DDEA93A2844}.Debug|Any CPU.Build.0 = Debug|Any CPU
		{DC64182B-AEF7-4012-9E90-4DDEA93A2844}.Release|Any CPU.ActiveCfg = Release|Any CPU
		{DC64182B-AEF7-4012-9E90-4DDEA93A2844}.Release|Any CPU.Build.0 = Release|Any CPU
		{D606EA27-7D97-4656-A570-3EFB343F6566}.Debug|Any CPU.ActiveCfg = Debug|Any CPU
		{D606EA27-7D97-4656-A570-3EFB343F6566}.Debug|Any CPU.Build.0 = Debug|Any CPU
		{D606EA27-7D97-4656-A570-3EFB343F6566}.Release|Any CPU.ActiveCfg = Release|Any CPU
		{D606EA27-7D97-4656-A570-3EFB343F6566}.Release|Any CPU.Build.0 = Release|Any CPU
	EndGlobalSection
	GlobalSection(SolutionProperties) = preSolution
		HideSolutionNode = FALSE
	EndGlobalSection
	GlobalSection(ExtensibilityGlobals) = postSolution
		SolutionGuid = {E2436BAC-4134-46BA-BAE7-D3D21CDC5991}
	EndGlobalSection
EndGlobal
